
Microsoft Visual Studio Solution File, Format Version 12.00
# Visual Studio Version 17
VisualStudioVersion = 17.10.35013.160
MinimumVisualStudioVersion = 10.0.40219.1
Project("{FAE04EC0-301F-11D3-BF4B-00C04F79EFBC}") = "ProjDVLD", "ProjDVLD\ProjDVLD.csproj", "{21B1C98A-ED99-4E56-A909-D0935BEE1BE2}"
EndProject
Project("{FAE04EC0-301F-11D3-BF4B-00C04F79EFBC}") = "DataAcsses", "DataAcsses\DataAcsses.csproj", "{9310CB8A-8364-44B0-B0E2-397D72B24D3B}"
EndProject
Project("{FAE04EC0-301F-11D3-BF4B-00C04F79EFBC}") = "DataBussnsLayer", "DataBussnsLayer\DataBussnsLayer.csproj", "{E259A710-779A-4727-9141-C25460DECB87}"
EndProject
Global
	GlobalSection(SolutionConfigurationPlatforms) = preSolution
		Debug|Any CPU = Debug|Any CPU
		Release|Any CPU = Release|Any CPU
	EndGlobalSection
	GlobalSection(ProjectConfigurationPlatforms) = postSolution
		{21B1C98A-ED99-4E56-A909-D0935BEE1BE2}.Debug|Any CPU.ActiveCfg = Debug|Any CPU
		{21B1C98A-ED99-4E56-A909-D0935BEE1BE2}.Debug|Any CPU.Build.0 = Debug|Any CPU
		{21B1C98A-ED99-4E56-A909-D0935BEE1BE2}.Release|Any CPU.ActiveCfg = Release|Any CPU
		{21B1C98A-ED99-4E56-A909-D0935BEE1BE2}.Release|Any CPU.Build.0 = Release|Any CPU
		{9310CB8A-8364-44B0-B0E2-397D72B24D3B}.Debug|Any CPU.ActiveCfg = Debug|Any CPU
		{9310CB8A-8364-44B0-B0E2-397D72B24D3B}.Debug|Any CPU.Build.0 = Debug|Any CPU
		{9310CB8A-8364-44B0-B0E2-397D72B24D3B}.Release|Any CPU.ActiveCfg = Release|Any CPU
		{9310CB8A-8364-44B0-B0E2-397D72B24D3B}.Release|Any CPU.Build.0 = Release|Any CPU
		{E259A710-779A-4727-9141-C25460DECB87}.Debug|Any CPU.ActiveCfg = Debug|Any CPU
		{E259A710-779A-4727-9141-C25460DECB87}.Debug|Any CPU.Build.0 = Debug|Any CPU
		{E259A710-779A-4727-9141-C25460DECB87}.Release|Any CPU.ActiveCfg = Release|Any CPU
		{E259A710-779A-4727-9141-C25460DECB87}.Release|Any CPU.Build.0 = Release|Any CPU
	EndGlobalSection
	GlobalSection(SolutionProperties) = preSolution
		HideSolutionNode = FALSE
	EndGlobalSection
	GlobalSection(ExtensibilityGlobals) = postSolution
		SolutionGuid = {37FA59EA-84D0-4DD5-8CC0-AA364A03A931}
	EndGlobalSection
EndGlobal
